version: 2.0
shards:
  admiral:
    git: https://github.com/jwaldrip/admiral.cr.git
    version: 1.11.2

  docr:
    git: https://github.com/marghidanu/docr.git
    version: 0.1.0+git.commit.d4b0191781a2c82971783e6878e37870490b57f3

  tallboy:
    git: https://github.com/epoch/tallboy.git
    version: 0.9.3

