version: 2.0
shards:
  admiral:
    git: https://github.com/jwaldrip/admiral.cr.git
    version: 1.11.2

  docr:
    git: https://github.com/marghidanu/docr.git
    version: 0.1.0+git.commit.7a8cd14c89f5e9bef64538e23c75cb0610ae44e5

  dotenv:
    git: https://github.com/gdotdesign/cr-dotenv.git
    version: 1.0.0

  tallboy:
    git: https://github.com/epoch/tallboy.git
    version: 0.9.3

